
Microsoft Visual Studio Solution File, Format Version 12.00
# Visual Studio Version 17
VisualStudioVersion = 17.3.32819.101
MinimumVisualStudioVersion = 10.0.40219.1
Project("{9A19103F-16F7-4668-BE54-9A1E7A4F7556}") = "Sean.Core.DbRepository", "src\Sean.Core.DbRepository\Sean.Core.DbRepository.csproj", "{88F3D155-67B9-4F08-B039-E15A4D6027BF}"
EndProject
Project("{2150E333-8FDC-42A3-9474-1A3956D46DE8}") = "Examples", "Examples", "{671A131E-A24E-45E5-AD14-37238EBF44C2}"
EndProject
Project("{9A19103F-16F7-4668-BE54-9A1E7A4F7556}") = "Example.Dapper.Core.ConsoleApp", "examples\Dapper\NetCore\Example.Dapper.Core.ConsoleApp\Example.Dapper.Core.ConsoleApp.csproj", "{5FB0C89E-8DD0-40D3-9F63-1D98584CC00C}"
EndProject
Project("{9A19103F-16F7-4668-BE54-9A1E7A4F7556}") = "Sean.Core.DbRepository.Dapper", "src\Sean.Core.DbRepository.Dapper\Sean.Core.DbRepository.Dapper.csproj", "{B5FAD732-D95C-47C8-9D52-4C971938B850}"
EndProject
Project("{9A19103F-16F7-4668-BE54-9A1E7A4F7556}") = "Sean.Core.DbRepository.CodeGenerator", "src\Sean.Core.DbRepository.CodeGenerator\Sean.Core.DbRepository.CodeGenerator.csproj", "{706FABC9-D675-49F4-81B9-B65CC1FC81C5}"
EndProject
Project("{9A19103F-16F7-4668-BE54-9A1E7A4F7556}") = "Example.Dapper.Core.Application", "examples\Dapper\NetCore\Example.Dapper.Core.Application\Example.Dapper.Core.Application.csproj", "{9B41EC71-5BD4-4565-848B-DAF1EEDB0EAA}"
EndProject
Project("{9A19103F-16F7-4668-BE54-9A1E7A4F7556}") = "Example.Dapper.Core.Domain", "examples\Dapper\NetCore\Example.Dapper.Core.Domain\Example.Dapper.Core.Domain.csproj", "{1B582E10-1A19-4299-8212-5D4FAC414C1C}"
EndProject
Project("{9A19103F-16F7-4668-BE54-9A1E7A4F7556}") = "Example.Dapper.Core.Infrastructure", "examples\Dapper\NetCore\Example.Dapper.Core.Infrastructure\Example.Dapper.Core.Infrastructure.csproj", "{935A46E6-2787-4071-BFAE-60E4F3FCF47E}"
EndProject
Project("{2150E333-8FDC-42A3-9474-1A3956D46DE8}") = "NetCore", "NetCore", "{83A84003-86B5-4D06-953B-C6C817E33FE1}"
EndProject
Project("{2150E333-8FDC-42A3-9474-1A3956D46DE8}") = "NetFramework", "NetFramework", "{B7350710-D1A0-466C-A521-ED38929B3923}"
EndProject
Project("{FAE04EC0-301F-11D3-BF4B-00C04F79EFBC}") = "Example.Dapper.ConsoleApp", "examples\Dapper\NetFramework\Example.Dapper.ConsoleApp\Example.Dapper.ConsoleApp.csproj", "{6F71737A-29A3-4D10-A5BF-E275A67A10D8}"
EndProject
Project("{2150E333-8FDC-42A3-9474-1A3956D46DE8}") = "Solution Items", "Solution Items", "{ACE9239D-503F-46A9-A1F3-09C26C75E861}"
	ProjectSection(SolutionItems) = preProject
		README.md = README.md
	EndProjectSection
EndProject
Project("{2150E333-8FDC-42A3-9474-1A3956D46DE8}") = "Test", "Test", "{E708322C-9400-4359-8D35-AEA5E87CBE3F}"
EndProject
Project("{9A19103F-16F7-4668-BE54-9A1E7A4F7556}") = "Sean.Core.DbRepository.Test", "test\Sean.Core.DbRepository.Test\Sean.Core.DbRepository.Test.csproj", "{3CB07CD0-BDD3-4934-A467-0D4B9DF951CE}"
EndProject
Project("{9A19103F-16F7-4668-BE54-9A1E7A4F7556}") = "Sean.Core.DbRepository.EntityFramework", "src\Sean.Core.DbRepository.EntityFramework\Sean.Core.DbRepository.EntityFramework.csproj", "{7E30307D-504E-456C-A714-91A47C035C71}"
EndProject
Project("{2150E333-8FDC-42A3-9474-1A3956D46DE8}") = "EntityFramework", "EntityFramework", "{B4729CCE-872C-4E55-864E-327590DFD526}"
EndProject
Project("{9A19103F-16F7-4668-BE54-9A1E7A4F7556}") = "Example.EF.Core.ConsoleApp", "examples\EntityFramework\NetCore\Example.EF.Core.ConsoleApp\Example.EF.Core.ConsoleApp.csproj", "{B0CF7E15-8047-4189-ACC5-EFE4DBAA2F8B}"
EndProject
Project("{2150E333-8FDC-42A3-9474-1A3956D46DE8}") = "Dapper", "Dapper", "{92F80805-9117-4AFD-ABAE-474E14D45216}"
EndProject
Project("{FAE04EC0-301F-11D3-BF4B-00C04F79EFBC}") = "Example.Dapper.Application", "examples\Dapper\NetFramework\Example.Dapper.Application\Example.Dapper.Application.csproj", "{BA84D489-F29E-4E71-9A02-824B5728FF3D}"
EndProject
Project("{FAE04EC0-301F-11D3-BF4B-00C04F79EFBC}") = "Example.Dapper.Domain", "examples\Dapper\NetFramework\Example.Dapper.Domain\Example.Dapper.Domain.csproj", "{C696302D-64B0-4A02-BA4D-3C7AF2A19A33}"
EndProject
Project("{FAE04EC0-301F-11D3-BF4B-00C04F79EFBC}") = "Example.Dapper.Infrastructure", "examples\Dapper\NetFramework\Example.Dapper.Infrastructure\Example.Dapper.Infrastructure.csproj", "{821C0F13-A7E3-4BAB-8E84-A968F7EE294F}"
EndProject
Project("{FAE04EC0-301F-11D3-BF4B-00C04F79EFBC}") = "Example.Dapper.Model", "examples\Dapper\NetFramework\Example.Dapper.Model\Example.Dapper.Model.csproj", "{D93DCC52-1474-4DA5-8B33-2E80046E094B}"
EndProject
Project("{2150E333-8FDC-42A3-9474-1A3956D46DE8}") = "ADO.NET", "ADO.NET", "{1A4D224A-C3AB-423B-96DD-04A76C4407B3}"
EndProject
Project("{2150E333-8FDC-42A3-9474-1A3956D46DE8}") = "NetCore", "NetCore", "{8441EEA5-F811-487E-BA2E-ABE6B34F3E2D}"
EndProject
Project("{2150E333-8FDC-42A3-9474-1A3956D46DE8}") = "NetCore", "NetCore", "{2ED8C299-DAE8-4062-8809-7FC62F79841A}"
EndProject
Project("{9A19103F-16F7-4668-BE54-9A1E7A4F7556}") = "Example.ADO.NETCore.Application", "examples\ADO.NET\NetCore\Example.ADO.NETCore.Application\Example.ADO.NETCore.Application.csproj", "{74594B33-F20E-440D-8967-41285CDC16B8}"
EndProject
Project("{9A19103F-16F7-4668-BE54-9A1E7A4F7556}") = "Example.ADO.NETCore.ConsoleApp", "examples\ADO.NET\NetCore\Example.ADO.NETCore.ConsoleApp\Example.ADO.NETCore.ConsoleApp.csproj", "{33CB68FA-4B1C-4B6C-9606-2A66ABDAF48E}"
EndProject
Project("{9A19103F-16F7-4668-BE54-9A1E7A4F7556}") = "Example.ADO.NETCore.Domain", "examples\ADO.NET\NetCore\Example.ADO.NETCore.Domain\Example.ADO.NETCore.Domain.csproj", "{F6691C10-DF8A-467A-9DE7-0F71B0070B62}"
EndProject
Project("{9A19103F-16F7-4668-BE54-9A1E7A4F7556}") = "Example.ADO.NETCore.Infrastructure", "examples\ADO.NET\NetCore\Example.ADO.NETCore.Infrastructure\Example.ADO.NETCore.Infrastructure.csproj", "{DD9B60DE-08EC-492F-8242-5C8670C11565}"
EndProject
Project("{FAE04EC0-301F-11D3-BF4B-00C04F79EFBC}") = "Example.Common", "examples\Example.Common\Example.Common.csproj", "{19327AA9-5275-48B8-8D3D-F1C31D142D42}"
EndProject
Global
	GlobalSection(SolutionConfigurationPlatforms) = preSolution
		Debug|Any CPU = Debug|Any CPU
		Release|Any CPU = Release|Any CPU
	EndGlobalSection
	GlobalSection(ProjectConfigurationPlatforms) = postSolution
		{88F3D155-67B9-4F08-B039-E15A4D6027BF}.Debug|Any CPU.ActiveCfg = Debug|Any CPU
		{88F3D155-67B9-4F08-B039-E15A4D6027BF}.Debug|Any CPU.Build.0 = Debug|Any CPU
		{88F3D155-67B9-4F08-B039-E15A4D6027BF}.Release|Any CPU.ActiveCfg = Release|Any CPU
		{88F3D155-67B9-4F08-B039-E15A4D6027BF}.Release|Any CPU.Build.0 = Release|Any CPU
		{5FB0C89E-8DD0-40D3-9F63-1D98584CC00C}.Debug|Any CPU.ActiveCfg = Debug|Any CPU
		{5FB0C89E-8DD0-40D3-9F63-1D98584CC00C}.Debug|Any CPU.Build.0 = Debug|Any CPU
		{5FB0C89E-8DD0-40D3-9F63-1D98584CC00C}.Release|Any CPU.ActiveCfg = Release|Any CPU
		{5FB0C89E-8DD0-40D3-9F63-1D98584CC00C}.Release|Any CPU.Build.0 = Release|Any CPU
		{B5FAD732-D95C-47C8-9D52-4C971938B850}.Debug|Any CPU.ActiveCfg = Debug|Any CPU
		{B5FAD732-D95C-47C8-9D52-4C971938B850}.Debug|Any CPU.Build.0 = Debug|Any CPU
		{B5FAD732-D95C-47C8-9D52-4C971938B850}.Release|Any CPU.ActiveCfg = Release|Any CPU
		{B5FAD732-D95C-47C8-9D52-4C971938B850}.Release|Any CPU.Build.0 = Release|Any CPU
		{706FABC9-D675-49F4-81B9-B65CC1FC81C5}.Debug|Any CPU.ActiveCfg = Debug|Any CPU
		{706FABC9-D675-49F4-81B9-B65CC1FC81C5}.Debug|Any CPU.Build.0 = Debug|Any CPU
		{706FABC9-D675-49F4-81B9-B65CC1FC81C5}.Release|Any CPU.ActiveCfg = Release|Any CPU
		{706FABC9-D675-49F4-81B9-B65CC1FC81C5}.Release|Any CPU.Build.0 = Release|Any CPU
		{9B41EC71-5BD4-4565-848B-DAF1EEDB0EAA}.Debug|Any CPU.ActiveCfg = Debug|Any CPU
		{9B41EC71-5BD4-4565-848B-DAF1EEDB0EAA}.Debug|Any CPU.Build.0 = Debug|Any CPU
		{9B41EC71-5BD4-4565-848B-DAF1EEDB0EAA}.Release|Any CPU.ActiveCfg = Release|Any CPU
		{9B41EC71-5BD4-4565-848B-DAF1EEDB0EAA}.Release|Any CPU.Build.0 = Release|Any CPU
		{1B582E10-1A19-4299-8212-5D4FAC414C1C}.Debug|Any CPU.ActiveCfg = Debug|Any CPU
		{1B582E10-1A19-4299-8212-5D4FAC414C1C}.Debug|Any CPU.Build.0 = Debug|Any CPU
		{1B582E10-1A19-4299-8212-5D4FAC414C1C}.Release|Any CPU.ActiveCfg = Release|Any CPU
		{1B582E10-1A19-4299-8212-5D4FAC414C1C}.Release|Any CPU.Build.0 = Release|Any CPU
		{935A46E6-2787-4071-BFAE-60E4F3FCF47E}.Debug|Any CPU.ActiveCfg = Debug|Any CPU
		{935A46E6-2787-4071-BFAE-60E4F3FCF47E}.Debug|Any CPU.Build.0 = Debug|Any CPU
		{935A46E6-2787-4071-BFAE-60E4F3FCF47E}.Release|Any CPU.ActiveCfg = Release|Any CPU
		{935A46E6-2787-4071-BFAE-60E4F3FCF47E}.Release|Any CPU.Build.0 = Release|Any CPU
		{6F71737A-29A3-4D10-A5BF-E275A67A10D8}.Debug|Any CPU.ActiveCfg = Debug|Any CPU
		{6F71737A-29A3-4D10-A5BF-E275A67A10D8}.Debug|Any CPU.Build.0 = Debug|Any CPU
		{6F71737A-29A3-4D10-A5BF-E275A67A10D8}.Release|Any CPU.ActiveCfg = Release|Any CPU
		{6F71737A-29A3-4D10-A5BF-E275A67A10D8}.Release|Any CPU.Build.0 = Release|Any CPU
		{3CB07CD0-BDD3-4934-A467-0D4B9DF951CE}.Debug|Any CPU.ActiveCfg = Debug|Any CPU
		{3CB07CD0-BDD3-4934-A467-0D4B9DF951CE}.Debug|Any CPU.Build.0 = Debug|Any CPU
		{3CB07CD0-BDD3-4934-A467-0D4B9DF951CE}.Release|Any CPU.ActiveCfg = Release|Any CPU
		{3CB07CD0-BDD3-4934-A467-0D4B9DF951CE}.Release|Any CPU.Build.0 = Release|Any CPU
		{7E30307D-504E-456C-A714-91A47C035C71}.Debug|Any CPU.ActiveCfg = Debug|Any CPU
		{7E30307D-504E-456C-A714-91A47C035C71}.Debug|Any CPU.Build.0 = Debug|Any CPU
		{7E30307D-504E-456C-A714-91A47C035C71}.Release|Any CPU.ActiveCfg = Release|Any CPU
		{7E30307D-504E-456C-A714-91A47C035C71}.Release|Any CPU.Build.0 = Release|Any CPU
		{B0CF7E15-8047-4189-ACC5-EFE4DBAA2F8B}.Debug|Any CPU.ActiveCfg = Debug|Any CPU
		{B0CF7E15-8047-4189-ACC5-EFE4DBAA2F8B}.Debug|Any CPU.Build.0 = Debug|Any CPU
		{B0CF7E15-8047-4189-ACC5-EFE4DBAA2F8B}.Release|Any CPU.ActiveCfg = Release|Any CPU
		{B0CF7E15-8047-4189-ACC5-EFE4DBAA2F8B}.Release|Any CPU.Build.0 = Release|Any CPU
		{BA84D489-F29E-4E71-9A02-824B5728FF3D}.Debug|Any CPU.ActiveCfg = Debug|Any CPU
		{BA84D489-F29E-4E71-9A02-824B5728FF3D}.Debug|Any CPU.Build.0 = Debug|Any CPU
		{BA84D489-F29E-4E71-9A02-824B5728FF3D}.Release|Any CPU.ActiveCfg = Release|Any CPU
		{BA84D489-F29E-4E71-9A02-824B5728FF3D}.Release|Any CPU.Build.0 = Release|Any CPU
		{C696302D-64B0-4A02-BA4D-3C7AF2A19A33}.Debug|Any CPU.ActiveCfg = Debug|Any CPU
		{C696302D-64B0-4A02-BA4D-3C7AF2A19A33}.Debug|Any CPU.Build.0 = Debug|Any CPU
		{C696302D-64B0-4A02-BA4D-3C7AF2A19A33}.Release|Any CPU.ActiveCfg = Release|Any CPU
		{C696302D-64B0-4A02-BA4D-3C7AF2A19A33}.Release|Any CPU.Build.0 = Release|Any CPU
		{821C0F13-A7E3-4BAB-8E84-A968F7EE294F}.Debug|Any CPU.ActiveCfg = Debug|Any CPU
		{821C0F13-A7E3-4BAB-8E84-A968F7EE294F}.Debug|Any CPU.Build.0 = Debug|Any CPU
		{821C0F13-A7E3-4BAB-8E84-A968F7EE294F}.Release|Any CPU.ActiveCfg = Release|Any CPU
		{821C0F13-A7E3-4BAB-8E84-A968F7EE294F}.Release|Any CPU.Build.0 = Release|Any CPU
		{D93DCC52-1474-4DA5-8B33-2E80046E094B}.Debug|Any CPU.ActiveCfg = Debug|Any CPU
		{D93DCC52-1474-4DA5-8B33-2E80046E094B}.Debug|Any CPU.Build.0 = Debug|Any CPU
		{D93DCC52-1474-4DA5-8B33-2E80046E094B}.Release|Any CPU.ActiveCfg = Release|Any CPU
		{D93DCC52-1474-4DA5-8B33-2E80046E094B}.Release|Any CPU.Build.0 = Release|Any CPU
		{74594B33-F20E-440D-8967-41285CDC16B8}.Debug|Any CPU.ActiveCfg = Debug|Any CPU
		{74594B33-F20E-440D-8967-41285CDC16B8}.Debug|Any CPU.Build.0 = Debug|Any CPU
		{74594B33-F20E-440D-8967-41285CDC16B8}.Release|Any CPU.ActiveCfg = Release|Any CPU
		{74594B33-F20E-440D-8967-41285CDC16B8}.Release|Any CPU.Build.0 = Release|Any CPU
		{33CB68FA-4B1C-4B6C-9606-2A66ABDAF48E}.Debug|Any CPU.ActiveCfg = Debug|Any CPU
		{33CB68FA-4B1C-4B6C-9606-2A66ABDAF48E}.Debug|Any CPU.Build.0 = Debug|Any CPU
		{33CB68FA-4B1C-4B6C-9606-2A66ABDAF48E}.Release|Any CPU.ActiveCfg = Release|Any CPU
		{33CB68FA-4B1C-4B6C-9606-2A66ABDAF48E}.Release|Any CPU.Build.0 = Release|Any CPU
		{F6691C10-DF8A-467A-9DE7-0F71B0070B62}.Debug|Any CPU.ActiveCfg = Debug|Any CPU
		{F6691C10-DF8A-467A-9DE7-0F71B0070B62}.Debug|Any CPU.Build.0 = Debug|Any CPU
		{F6691C10-DF8A-467A-9DE7-0F71B0070B62}.Release|Any CPU.ActiveCfg = Release|Any CPU
		{F6691C10-DF8A-467A-9DE7-0F71B0070B62}.Release|Any CPU.Build.0 = Release|Any CPU
		{DD9B60DE-08EC-492F-8242-5C8670C11565}.Debug|Any CPU.ActiveCfg = Debug|Any CPU
		{DD9B60DE-08EC-492F-8242-5C8670C11565}.Debug|Any CPU.Build.0 = Debug|Any CPU
		{DD9B60DE-08EC-492F-8242-5C8670C11565}.Release|Any CPU.ActiveCfg = Release|Any CPU
		{DD9B60DE-08EC-492F-8242-5C8670C11565}.Release|Any CPU.Build.0 = Release|Any CPU
		{19327AA9-5275-48B8-8D3D-F1C31D142D42}.Debug|Any CPU.ActiveCfg = Debug|Any CPU
		{19327AA9-5275-48B8-8D3D-F1C31D142D42}.Debug|Any CPU.Build.0 = Debug|Any CPU
		{19327AA9-5275-48B8-8D3D-F1C31D142D42}.Release|Any CPU.ActiveCfg = Release|Any CPU
		{19327AA9-5275-48B8-8D3D-F1C31D142D42}.Release|Any CPU.Build.0 = Release|Any CPU
	EndGlobalSection
	GlobalSection(SolutionProperties) = preSolution
		HideSolutionNode = FALSE
	EndGlobalSection
	GlobalSection(NestedProjects) = preSolution
		{5FB0C89E-8DD0-40D3-9F63-1D98584CC00C} = {83A84003-86B5-4D06-953B-C6C817E33FE1}
		{9B41EC71-5BD4-4565-848B-DAF1EEDB0EAA} = {83A84003-86B5-4D06-953B-C6C817E33FE1}
		{1B582E10-1A19-4299-8212-5D4FAC414C1C} = {83A84003-86B5-4D06-953B-C6C817E33FE1}
		{935A46E6-2787-4071-BFAE-60E4F3FCF47E} = {83A84003-86B5-4D06-953B-C6C817E33FE1}
		{83A84003-86B5-4D06-953B-C6C817E33FE1} = {92F80805-9117-4AFD-ABAE-474E14D45216}
		{B7350710-D1A0-466C-A521-ED38929B3923} = {92F80805-9117-4AFD-ABAE-474E14D45216}
		{6F71737A-29A3-4D10-A5BF-E275A67A10D8} = {B7350710-D1A0-466C-A521-ED38929B3923}
		{3CB07CD0-BDD3-4934-A467-0D4B9DF951CE} = {E708322C-9400-4359-8D35-AEA5E87CBE3F}
		{B4729CCE-872C-4E55-864E-327590DFD526} = {671A131E-A24E-45E5-AD14-37238EBF44C2}
		{B0CF7E15-8047-4189-ACC5-EFE4DBAA2F8B} = {2ED8C299-DAE8-4062-8809-7FC62F79841A}
		{92F80805-9117-4AFD-ABAE-474E14D45216} = {671A131E-A24E-45E5-AD14-37238EBF44C2}
		{BA84D489-F29E-4E71-9A02-824B5728FF3D} = {B7350710-D1A0-466C-A521-ED38929B3923}
		{C696302D-64B0-4A02-BA4D-3C7AF2A19A33} = {B7350710-D1A0-466C-A521-ED38929B3923}
		{821C0F13-A7E3-4BAB-8E84-A968F7EE294F} = {B7350710-D1A0-466C-A521-ED38929B3923}
		{D93DCC52-1474-4DA5-8B33-2E80046E094B} = {B7350710-D1A0-466C-A521-ED38929B3923}
		{1A4D224A-C3AB-423B-96DD-04A76C4407B3} = {671A131E-A24E-45E5-AD14-37238EBF44C2}
		{8441EEA5-F811-487E-BA2E-ABE6B34F3E2D} = {1A4D224A-C3AB-423B-96DD-04A76C4407B3}
		{2ED8C299-DAE8-4062-8809-7FC62F79841A} = {B4729CCE-872C-4E55-864E-327590DFD526}
		{74594B33-F20E-440D-8967-41285CDC16B8} = {8441EEA5-F811-487E-BA2E-ABE6B34F3E2D}
		{33CB68FA-4B1C-4B6C-9606-2A66ABDAF48E} = {8441EEA5-F811-487E-BA2E-ABE6B34F3E2D}
		{F6691C10-DF8A-467A-9DE7-0F71B0070B62} = {8441EEA5-F811-487E-BA2E-ABE6B34F3E2D}
		{DD9B60DE-08EC-492F-8242-5C8670C11565} = {8441EEA5-F811-487E-BA2E-ABE6B34F3E2D}
		{19327AA9-5275-48B8-8D3D-F1C31D142D42} = {671A131E-A24E-45E5-AD14-37238EBF44C2}
	EndGlobalSection
	GlobalSection(ExtensibilityGlobals) = postSolution
		SolutionGuid = {45207871-A31A-4F76-8C92-C46E7ADD1F61}
	EndGlobalSection
EndGlobal
